<?xml version="1.0" encoding="utf-8"?>
<Project ToolsVersion="4.0" xmlns="http://schemas.microsoft.com/developer/msbuild/2003">
  <ItemGroup>
    <Filter Include="Resource Files">
      <UniqueIdentifier>{67DA6AB6-F800-4c08-8B7A-83BB121AAD01}</UniqueIdentifier>
      <Extensions>rc;ico;cur;bmp;dlg;rc2;rct;bin;rgs;gif;jpg;jpeg;jpe;resx;tiff;tif;png;wav;mfcribbon-ms</Extensions>
    </Filter>
    <Filter Include="AI">
      <UniqueIdentifier>{2dfa641d-b0db-45d6-a6d9-abae2b1cf447}</UniqueIdentifier>
    </Filter>
    <Filter Include="Objects">
      <UniqueIdentifier>{e5c5075c-d1cf-44ee-aa0f-773742dd56f3}</UniqueIdentifier>
    </Filter>
    <Filter Include="Services">
      <UniqueIdentifier>{6805918d-3503-4f2b-98e7-293ce2cd6a77}</UniqueIdentifier>
    </Filter>
    <Filter Include="Data">
      <UniqueIdentifier>{db2000b2-438f-4a93-8248-0f477a475534}</UniqueIdentifier>
    </Filter>
    <Filter Include="AI\ProblemSolverStates">
      <UniqueIdentifier>{5d714e08-4a82-46c5-8b45-8d263a86545a}</UniqueIdentifier>
    </Filter>
  </ItemGroup>
  <ItemGroup>
    <ClCompile Include="main.cpp" />
    <ClCompile Include="Objects\PathAnimater.cpp">
      <Filter>Objects</Filter>
    </ClCompile>
    <ClCompile Include="Objects\Maze.cpp">
      <Filter>Objects</Filter>
    </ClCompile>
    <ClCompile Include="Objects\ProblemSolver.cpp">
      <Filter>Objects</Filter>
    </ClCompile>
    <ClCompile Include="AI\AIController.cpp">
      <Filter>AI</Filter>
    </ClCompile>
    <ClCompile Include="AI\AIState.cpp">
      <Filter>AI</Filter>
    </ClCompile>
    <ClCompile Include="Objects\AnimatedSprite.cpp">
      <Filter>Objects</Filter>
    </ClCompile>
    <ClCompile Include="AI\ProblemSolverStates\AnimateSolutionState.cpp">
      <Filter>AI\ProblemSolverStates</Filter>
    </ClCompile>
    <ClCompile Include="AI\ProblemSolverStates\FindPathState.cpp">
      <Filter>AI\ProblemSolverStates</Filter>
    </ClCompile>
    <ClCompile Include="AI\ProblemSolverStates\FollowPathState.cpp">
      <Filter>AI\ProblemSolverStates</Filter>
    </ClCompile>
    <ClCompile Include="AI\ProblemSolverStates\ShowResultState.cpp">
      <Filter>AI\ProblemSolverStates</Filter>
    </ClCompile>
    <ClCompile Include="Objects\TileMap.cpp">
      <Filter>Objects</Filter>
    </ClCompile>
    <ClCompile Include="Objects\WorldObject.cpp">
      <Filter>Objects</Filter>
    </ClCompile>
    <ClCompile Include="Services\WorldStateLocator.cpp">
      <Filter>Services</Filter>
    </ClCompile>
    <ClCompile Include="AI\Pathfinder.cpp">
      <Filter>AI</Filter>
    </ClCompile>
    <ClCompile Include="AI\ProblemSolverStates\AskForProblemState.cpp">
      <Filter>AI\ProblemSolverStates</Filter>
    </ClCompile>
  </ItemGroup>
  <ItemGroup>
    <ClInclude Include="resource.h" />
    <ClInclude Include="Objects\Maze.h">
      <Filter>Objects</Filter>
    </ClInclude>
    <ClInclude Include="Objects\PathAnimater.h">
      <Filter>Objects</Filter>
    </ClInclude>
    <ClInclude Include="Objects\ProblemSolver.h">
      <Filter>Objects</Filter>
    </ClInclude>
    <ClInclude Include="AI\AIController.h">
      <Filter>AI</Filter>
    </ClInclude>
    <ClInclude Include="AI\AIState.h">
      <Filter>AI</Filter>
    </ClInclude>
    <ClInclude Include="Objects\AnimatedSprite.h">
      <Filter>Objects</Filter>
    </ClInclude>
    <ClInclude Include="AI\ProblemSolverStates\AnimateSolutionState.h">
      <Filter>AI\ProblemSolverStates</Filter>
    </ClInclude>
    <ClInclude Include="AI\ProblemSolverStates\FindPathState.h">
      <Filter>AI\ProblemSolverStates</Filter>
    </ClInclude>
    <ClInclude Include="AI\ProblemSolverStates\FollowPathState.h">
      <Filter>AI\ProblemSolverStates</Filter>
    </ClInclude>
    <ClInclude Include="Data\MapPackage.h">
      <Filter>Data</Filter>
    </ClInclude>
    <ClInclude Include="Data\ProblemPackage.h">
      <Filter>Data</Filter>
    </ClInclude>
    <ClInclude Include="AI\ProblemSolverStates\ProblemSolverState.h">
      <Filter>AI\ProblemSolverStates</Filter>
    </ClInclude>
    <ClInclude Include="AI\ProblemSolverStates\ShowResultState.h">
      <Filter>AI\ProblemSolverStates</Filter>
    </ClInclude>
    <ClInclude Include="Objects\TileMap.h">
      <Filter>Objects</Filter>
    </ClInclude>
    <ClInclude Include="Objects\WorldObject.h">
      <Filter>Objects</Filter>
    </ClInclude>
    <ClInclude Include="Services\WorldState.hpp">
      <Filter>Services</Filter>
    </ClInclude>
    <ClInclude Include="Services\WorldStateLocator.h">
      <Filter>Services</Filter>
    </ClInclude>
    <ClInclude Include="config.h" />
    <ClInclude Include="AI\Pathfinder.h">
      <Filter>AI</Filter>
    </ClInclude>
    <ClInclude Include="AI\ProblemSolverStates\AskForProblemState.h">
      <Filter>AI\ProblemSolverStates</Filter>
    </ClInclude>
  </ItemGroup>
  <ItemGroup>
    <ResourceCompile Include="Pathfinder.rc">
      <Filter>Resource Files</Filter>
    </ResourceCompile>
  </ItemGroup>
  <ItemGroup>
    <Image Include="Resources\Positiv Animation Sheet.png">
      <Filter>Resource Files</Filter>
    </Image>
    <Image Include="Resources\tileset.png">
      <Filter>Resource Files</Filter>
    </Image>
  </ItemGroup>
</Project>